// !$*UTF8*$!
{
	archiveVersion = 1;
	classes = {
	};
	objectVersion = 56;
	objects = {

/* Begin PBXBuildFile section */
		0359C84D2C412A5F00A963D2 /* MainView.swift in Sources */ = {isa = PBXBuildFile; fileRef = 0359C84C2C412A5F00A963D2 /* MainView.swift */; };
		0359C84F2C412A6900A963D2 /* HomeView.swift in Sources */ = {isa = PBXBuildFile; fileRef = 0359C84E2C412A6900A963D2 /* HomeView.swift */; };
		0359C8592C412AEB00A963D2 /* QuoteView.swift in Sources */ = {isa = PBXBuildFile; fileRef = 0359C8582C412AEB00A963D2 /* QuoteView.swift */; };
		0359C85A2C412AEB00A963D2 /* TrendsView.swift in Sources */ = {isa = PBXBuildFile; fileRef = 0359C8522C412AEB00A963D2 /* TrendsView.swift */; };
		0359C85B2C412AEB00A963D2 /* TextOrVoiceView.swift in Sources */ = {isa = PBXBuildFile; fileRef = 0359C8562C412AEB00A963D2 /* TextOrVoiceView.swift */; };
		0359C85C2C412AEB00A963D2 /* EmotionRateView.swift in Sources */ = {isa = PBXBuildFile; fileRef = 0359C8572C412AEB00A963D2 /* EmotionRateView.swift */; };
		0359C85D2C412AEB00A963D2 /* VoiceRecordView.swift in Sources */ = {isa = PBXBuildFile; fileRef = 0359C8542C412AEB00A963D2 /* VoiceRecordView.swift */; };
		0359C85E2C412AEB00A963D2 /* NoteView.swift in Sources */ = {isa = PBXBuildFile; fileRef = 0359C8552C412AEB00A963D2 /* NoteView.swift */; };
		0359C85F2C412AEB00A963D2 /* SettingsView.swift in Sources */ = {isa = PBXBuildFile; fileRef = 0359C8532C412AEB00A963D2 /* SettingsView.swift */; };
		0359C8612C412B1700A963D2 /* TextView.swift in Sources */ = {isa = PBXBuildFile; fileRef = 0359C8602C412B1700A963D2 /* TextView.swift */; };
		0359C86A2C412B4300A963D2 /* AnimatedPath.swift in Sources */ = {isa = PBXBuildFile; fileRef = 0359C8632C412B4300A963D2 /* AnimatedPath.swift */; };
		0359C86B2C412B4300A963D2 /* MeshGradientView.swift in Sources */ = {isa = PBXBuildFile; fileRef = 0359C8622C412B4300A963D2 /* MeshGradientView.swift */; };
		0359C86C2C412B4300A963D2 /* ListeningSiriAnimation.swift in Sources */ = {isa = PBXBuildFile; fileRef = 0359C8682C412B4300A963D2 /* ListeningSiriAnimation.swift */; };
		0359C86D2C412B4300A963D2 /* RippleEffect.metal in Sources */ = {isa = PBXBuildFile; fileRef = 0359C8662C412B4300A963D2 /* RippleEffect.metal */; };
		0359C86E2C412B4300A963D2 /* RippleEffectModifier.swift in Sources */ = {isa = PBXBuildFile; fileRef = 0359C8652C412B4300A963D2 /* RippleEffectModifier.swift */; };
		0E77585C2C3FE7DC008C1CC5 /* NoteAppApp.swift in Sources */ = {isa = PBXBuildFile; fileRef = 0E77585B2C3FE7DC008C1CC5 /* NoteAppApp.swift */; };
		0E77585E2C3FE7DC008C1CC5 /* ContentView.swift in Sources */ = {isa = PBXBuildFile; fileRef = 0E77585D2C3FE7DC008C1CC5 /* ContentView.swift */; };
		0E7758602C3FE7DE008C1CC5 /* Assets.xcassets in Resources */ = {isa = PBXBuildFile; fileRef = 0E77585F2C3FE7DE008C1CC5 /* Assets.xcassets */; };
		0E7758632C3FE7DE008C1CC5 /* Preview Assets.xcassets in Resources */ = {isa = PBXBuildFile; fileRef = 0E7758622C3FE7DE008C1CC5 /* Preview Assets.xcassets */; };
		0E7758762C3FE929008C1CC5 /* .gitkeep in Resources */ = {isa = PBXBuildFile; fileRef = 0E7758752C3FE929008C1CC5 /* .gitkeep */; };
		0E7758782C3FE9BE008C1CC5 /* README.md in Resources */ = {isa = PBXBuildFile; fileRef = 0E7758772C3FE9BE008C1CC5 /* README.md */; };
		0E77587B2C3FEC04008C1CC5 /* UIConfig.swift in Sources */ = {isa = PBXBuildFile; fileRef = 0E77587A2C3FEC04008C1CC5 /* UIConfig.swift */; };
/* End PBXBuildFile section */

/* Begin PBXFileReference section */
		0359C84C2C412A5F00A963D2 /* MainView.swift */ = {isa = PBXFileReference; lastKnownFileType = sourcecode.swift; path = MainView.swift; sourceTree = "<group>"; };
		0359C84E2C412A6900A963D2 /* HomeView.swift */ = {isa = PBXFileReference; lastKnownFileType = sourcecode.swift; path = HomeView.swift; sourceTree = "<group>"; };
		0359C8522C412AEB00A963D2 /* TrendsView.swift */ = {isa = PBXFileReference; lastKnownFileType = sourcecode.swift; path = TrendsView.swift; sourceTree = "<group>"; };
		0359C8532C412AEB00A963D2 /* SettingsView.swift */ = {isa = PBXFileReference; lastKnownFileType = sourcecode.swift; path = SettingsView.swift; sourceTree = "<group>"; };
		0359C8542C412AEB00A963D2 /* VoiceRecordView.swift */ = {isa = PBXFileReference; lastKnownFileType = sourcecode.swift; path = VoiceRecordView.swift; sourceTree = "<group>"; };
		0359C8552C412AEB00A963D2 /* NoteView.swift */ = {isa = PBXFileReference; lastKnownFileType = sourcecode.swift; path = NoteView.swift; sourceTree = "<group>"; };
		0359C8562C412AEB00A963D2 /* TextOrVoiceView.swift */ = {isa = PBXFileReference; lastKnownFileType = sourcecode.swift; path = TextOrVoiceView.swift; sourceTree = "<group>"; };
		0359C8572C412AEB00A963D2 /* EmotionRateView.swift */ = {isa = PBXFileReference; lastKnownFileType = sourcecode.swift; path = EmotionRateView.swift; sourceTree = "<group>"; };
		0359C8582C412AEB00A963D2 /* QuoteView.swift */ = {isa = PBXFileReference; lastKnownFileType = sourcecode.swift; path = QuoteView.swift; sourceTree = "<group>"; };
		0359C8602C412B1700A963D2 /* TextView.swift */ = {isa = PBXFileReference; lastKnownFileType = sourcecode.swift; path = TextView.swift; sourceTree = "<group>"; };
		0359C8622C412B4300A963D2 /* MeshGradientView.swift */ = {isa = PBXFileReference; lastKnownFileType = sourcecode.swift; path = MeshGradientView.swift; sourceTree = "<group>"; };
		0359C8632C412B4300A963D2 /* AnimatedPath.swift */ = {isa = PBXFileReference; lastKnownFileType = sourcecode.swift; path = AnimatedPath.swift; sourceTree = "<group>"; };
		0359C8652C412B4300A963D2 /* RippleEffectModifier.swift */ = {isa = PBXFileReference; lastKnownFileType = sourcecode.swift; path = RippleEffectModifier.swift; sourceTree = "<group>"; };
		0359C8662C412B4300A963D2 /* RippleEffect.metal */ = {isa = PBXFileReference; lastKnownFileType = sourcecode.metal; path = RippleEffect.metal; sourceTree = "<group>"; };
		0359C8682C412B4300A963D2 /* ListeningSiriAnimation.swift */ = {isa = PBXFileReference; lastKnownFileType = sourcecode.swift; path = ListeningSiriAnimation.swift; sourceTree = "<group>"; };
		0E7758582C3FE7DC008C1CC5 /* NoteApp.app */ = {isa = PBXFileReference; explicitFileType = wrapper.application; includeInIndex = 0; path = NoteApp.app; sourceTree = BUILT_PRODUCTS_DIR; };
		0E77585B2C3FE7DC008C1CC5 /* NoteAppApp.swift */ = {isa = PBXFileReference; lastKnownFileType = sourcecode.swift; path = NoteAppApp.swift; sourceTree = "<group>"; };
		0E77585D2C3FE7DC008C1CC5 /* ContentView.swift */ = {isa = PBXFileReference; lastKnownFileType = sourcecode.swift; path = ContentView.swift; sourceTree = "<group>"; };
		0E77585F2C3FE7DE008C1CC5 /* Assets.xcassets */ = {isa = PBXFileReference; lastKnownFileType = folder.assetcatalog; path = Assets.xcassets; sourceTree = "<group>"; };
		0E7758622C3FE7DE008C1CC5 /* Preview Assets.xcassets */ = {isa = PBXFileReference; lastKnownFileType = folder.assetcatalog; path = "Preview Assets.xcassets"; sourceTree = "<group>"; };
		0E7758752C3FE929008C1CC5 /* .gitkeep */ = {isa = PBXFileReference; lastKnownFileType = text; path = .gitkeep; sourceTree = "<group>"; };
		0E7758772C3FE9BE008C1CC5 /* README.md */ = {isa = PBXFileReference; lastKnownFileType = net.daringfireball.markdown; path = README.md; sourceTree = "<group>"; };
		0E77587A2C3FEC04008C1CC5 /* UIConfig.swift */ = {isa = PBXFileReference; lastKnownFileType = sourcecode.swift; path = UIConfig.swift; sourceTree = "<group>"; };
/* End PBXFileReference section */

/* Begin PBXFrameworksBuildPhase section */
		0E7758552C3FE7DC008C1CC5 /* Frameworks */ = {
			isa = PBXFrameworksBuildPhase;
			buildActionMask = 2147483647;
			files = (
			);
			runOnlyForDeploymentPostprocessing = 0;
		};
/* End PBXFrameworksBuildPhase section */

/* Begin PBXGroup section */
		0359C8642C412B4300A963D2 /* SiriGradients */ = {
			isa = PBXGroup;
			children = (
				0359C8622C412B4300A963D2 /* MeshGradientView.swift */,
				0359C8632C412B4300A963D2 /* AnimatedPath.swift */,
			);
			path = SiriGradients;
			sourceTree = "<group>";
		};
		0359C8672C412B4300A963D2 /* Ripples */ = {
			isa = PBXGroup;
			children = (
				0359C8652C412B4300A963D2 /* RippleEffectModifier.swift */,
				0359C8662C412B4300A963D2 /* RippleEffect.metal */,
			);
			path = Ripples;
			sourceTree = "<group>";
		};
		0359C8692C412B4300A963D2 /* SiriAnimation */ = {
			isa = PBXGroup;
			children = (
				0359C8642C412B4300A963D2 /* SiriGradients */,
				0359C8672C412B4300A963D2 /* Ripples */,
				0359C8682C412B4300A963D2 /* ListeningSiriAnimation.swift */,
			);
			path = SiriAnimation;
			sourceTree = "<group>";
		};
		0E77584F2C3FE7DC008C1CC5 = {
			isa = PBXGroup;
			children = (
				0E77585A2C3FE7DC008C1CC5 /* NoteApp */,
				0E7758592C3FE7DC008C1CC5 /* Products */,
			);
			sourceTree = "<group>";
		};
		0E7758592C3FE7DC008C1CC5 /* Products */ = {
			isa = PBXGroup;
			children = (
				0E7758582C3FE7DC008C1CC5 /* NoteApp.app */,
			);
			name = Products;
			sourceTree = "<group>";
		};
		0E77585A2C3FE7DC008C1CC5 /* NoteApp */ = {
			isa = PBXGroup;
			children = (
				0E77585D2C3FE7DC008C1CC5 /* ContentView.swift */,
				0E77585B2C3FE7DC008C1CC5 /* NoteAppApp.swift */,
				0E7758792C3FEBDD008C1CC5 /* Configs */,
				0E7758702C3FE8E5008C1CC5 /* Models */,
				0E7758692C3FE857008C1CC5 /* Presenters */,
				0E7758712C3FE8EA008C1CC5 /* ViewModel */,
				0E77585F2C3FE7DE008C1CC5 /* Assets.xcassets */,
				0E7758612C3FE7DE008C1CC5 /* Preview Content */,
				0E7758772C3FE9BE008C1CC5 /* README.md */,
			);
			path = NoteApp;
			sourceTree = "<group>";
		};
		0E7758612C3FE7DE008C1CC5 /* Preview Content */ = {
			isa = PBXGroup;
			children = (
				0E7758622C3FE7DE008C1CC5 /* Preview Assets.xcassets */,
			);
			path = "Preview Content";
			sourceTree = "<group>";
		};
		0E7758692C3FE857008C1CC5 /* Presenters */ = {
			isa = PBXGroup;
			children = (
				0E77586B2C3FE86C008C1CC5 /* Views */,
				0E77586A2C3FE85E008C1CC5 /* Components */,
			);
			path = Presenters;
			sourceTree = "<group>";
		};
		0E77586A2C3FE85E008C1CC5 /* Components */ = {
			isa = PBXGroup;
			children = (
				0359C8692C412B4300A963D2 /* SiriAnimation */,
				0359C8602C412B1700A963D2 /* TextView.swift */,
			);
			path = Components;
			sourceTree = "<group>";
		};
		0E77586B2C3FE86C008C1CC5 /* Views */ = {
			isa = PBXGroup;
			children = (
				0359C8522C412AEB00A963D2 /* TrendsView.swift */,
				0359C8532C412AEB00A963D2 /* SettingsView.swift */,
				0359C8542C412AEB00A963D2 /* VoiceRecordView.swift */,
				0359C8552C412AEB00A963D2 /* NoteView.swift */,
				0359C8562C412AEB00A963D2 /* TextOrVoiceView.swift */,
				0359C8572C412AEB00A963D2 /* EmotionRateView.swift */,
				0359C8582C412AEB00A963D2 /* QuoteView.swift */,
				0359C84E2C412A6900A963D2 /* HomeView.swift */,
				0359C84C2C412A5F00A963D2 /* MainView.swift */,
			);
			path = Views;
			sourceTree = "<group>";
		};
		0E7758702C3FE8E5008C1CC5 /* Models */ = {
			isa = PBXGroup;
			children = (
			);
			path = Models;
			sourceTree = "<group>";
		};
		0E7758712C3FE8EA008C1CC5 /* ViewModel */ = {
			isa = PBXGroup;
			children = (
				0E7758752C3FE929008C1CC5 /* .gitkeep */,
			);
			path = ViewModel;
			sourceTree = "<group>";
		};
		0E7758792C3FEBDD008C1CC5 /* Configs */ = {
			isa = PBXGroup;
			children = (
				0E77587A2C3FEC04008C1CC5 /* UIConfig.swift */,
			);
			path = Configs;
			sourceTree = "<group>";
		};
/* End PBXGroup section */

/* Begin PBXNativeTarget section */
		0E7758572C3FE7DC008C1CC5 /* NoteApp */ = {
			isa = PBXNativeTarget;
			buildConfigurationList = 0E7758662C3FE7DE008C1CC5 /* Build configuration list for PBXNativeTarget "NoteApp" */;
			buildPhases = (
				0E7758542C3FE7DC008C1CC5 /* Sources */,
				0E7758552C3FE7DC008C1CC5 /* Frameworks */,
				0E7758562C3FE7DC008C1CC5 /* Resources */,
			);
			buildRules = (
			);
			dependencies = (
			);
			name = NoteApp;
			productName = NoteApp;
			productReference = 0E7758582C3FE7DC008C1CC5 /* NoteApp.app */;
			productType = "com.apple.product-type.application";
		};
/* End PBXNativeTarget section */

/* Begin PBXProject section */
		0E7758502C3FE7DC008C1CC5 /* Project object */ = {
			isa = PBXProject;
			attributes = {
				BuildIndependentTargetsInParallel = 1;
				LastSwiftUpdateCheck = 1540;
				LastUpgradeCheck = 1540;
				TargetAttributes = {
					0E7758572C3FE7DC008C1CC5 = {
						CreatedOnToolsVersion = 15.4;
					};
				};
			};
			buildConfigurationList = 0E7758532C3FE7DC008C1CC5 /* Build configuration list for PBXProject "NoteApp" */;
			compatibilityVersion = "Xcode 14.0";
			developmentRegion = en;
			hasScannedForEncodings = 0;
			knownRegions = (
				en,
				Base,
			);
			mainGroup = 0E77584F2C3FE7DC008C1CC5;
			productRefGroup = 0E7758592C3FE7DC008C1CC5 /* Products */;
			projectDirPath = "";
			projectRoot = "";
			targets = (
				0E7758572C3FE7DC008C1CC5 /* NoteApp */,
			);
		};
/* End PBXProject section */

/* Begin PBXResourcesBuildPhase section */
		0E7758562C3FE7DC008C1CC5 /* Resources */ = {
			isa = PBXResourcesBuildPhase;
			buildActionMask = 2147483647;
			files = (
				0E7758632C3FE7DE008C1CC5 /* Preview Assets.xcassets in Resources */,
				0E7758782C3FE9BE008C1CC5 /* README.md in Resources */,
				0E7758762C3FE929008C1CC5 /* .gitkeep in Resources */,
				0E7758602C3FE7DE008C1CC5 /* Assets.xcassets in Resources */,
			);
			runOnlyForDeploymentPostprocessing = 0;
		};
/* End PBXResourcesBuildPhase section */

/* Begin PBXSourcesBuildPhase section */
		0E7758542C3FE7DC008C1CC5 /* Sources */ = {
			isa = PBXSourcesBuildPhase;
			buildActionMask = 2147483647;
			files = (
				0E77587B2C3FEC04008C1CC5 /* UIConfig.swift in Sources */,
				0359C84D2C412A5F00A963D2 /* MainView.swift in Sources */,
				0E77585E2C3FE7DC008C1CC5 /* ContentView.swift in Sources */,
				0359C8612C412B1700A963D2 /* TextView.swift in Sources */,
				0359C8592C412AEB00A963D2 /* QuoteView.swift in Sources */,
				0359C85A2C412AEB00A963D2 /* TrendsView.swift in Sources */,
				0359C85B2C412AEB00A963D2 /* TextOrVoiceView.swift in Sources */,
				0359C85C2C412AEB00A963D2 /* EmotionRateView.swift in Sources */,
				0359C86A2C412B4300A963D2 /* AnimatedPath.swift in Sources */,
				0359C86B2C412B4300A963D2 /* MeshGradientView.swift in Sources */,
				0359C86C2C412B4300A963D2 /* ListeningSiriAnimation.swift in Sources */,
				0359C86D2C412B4300A963D2 /* RippleEffect.metal in Sources */,
				0359C86E2C412B4300A963D2 /* RippleEffectModifier.swift in Sources */,
				0359C85D2C412AEB00A963D2 /* VoiceRecordView.swift in Sources */,
				0359C85E2C412AEB00A963D2 /* NoteView.swift in Sources */,
				0359C85F2C412AEB00A963D2 /* SettingsView.swift in Sources */,
				0359C84F2C412A6900A963D2 /* HomeView.swift in Sources */,
				0E77585C2C3FE7DC008C1CC5 /* NoteAppApp.swift in Sources */,
			);
			runOnlyForDeploymentPostprocessing = 0;
		};
/* End PBXSourcesBuildPhase section */

/* Begin XCBuildConfiguration section */
		0E7758642C3FE7DE008C1CC5 /* Debug */ = {
			isa = XCBuildConfiguration;
			buildSettings = {
				ALWAYS_SEARCH_USER_PATHS = NO;
				ASSETCATALOG_COMPILER_GENERATE_SWIFT_ASSET_SYMBOL_EXTENSIONS = YES;
				CLANG_ANALYZER_NONNULL = YES;
				CLANG_ANALYZER_NUMBER_OBJECT_CONVERSION = YES_AGGRESSIVE;
				CLANG_CXX_LANGUAGE_STANDARD = "gnu++20";
				CLANG_ENABLE_MODULES = YES;
				CLANG_ENABLE_OBJC_ARC = YES;
				CLANG_ENABLE_OBJC_WEAK = YES;
				CLANG_WARN_BLOCK_CAPTURE_AUTORELEASING = YES;
				CLANG_WARN_BOOL_CONVERSION = YES;
				CLANG_WARN_COMMA = YES;
				CLANG_WARN_CONSTANT_CONVERSION = YES;
				CLANG_WARN_DEPRECATED_OBJC_IMPLEMENTATIONS = YES;
				CLANG_WARN_DIRECT_OBJC_ISA_USAGE = YES_ERROR;
				CLANG_WARN_DOCUMENTATION_COMMENTS = YES;
				CLANG_WARN_EMPTY_BODY = YES;
				CLANG_WARN_ENUM_CONVERSION = YES;
				CLANG_WARN_INFINITE_RECURSION = YES;
				CLANG_WARN_INT_CONVERSION = YES;
				CLANG_WARN_NON_LITERAL_NULL_CONVERSION = YES;
				CLANG_WARN_OBJC_IMPLICIT_RETAIN_SELF = YES;
				CLANG_WARN_OBJC_LITERAL_CONVERSION = YES;
				CLANG_WARN_OBJC_ROOT_CLASS = YES_ERROR;
				CLANG_WARN_QUOTED_INCLUDE_IN_FRAMEWORK_HEADER = YES;
				CLANG_WARN_RANGE_LOOP_ANALYSIS = YES;
				CLANG_WARN_STRICT_PROTOTYPES = YES;
				CLANG_WARN_SUSPICIOUS_MOVE = YES;
				CLANG_WARN_UNGUARDED_AVAILABILITY = YES_AGGRESSIVE;
				CLANG_WARN_UNREACHABLE_CODE = YES;
				CLANG_WARN__DUPLICATE_METHOD_MATCH = YES;
				COPY_PHASE_STRIP = NO;
				DEBUG_INFORMATION_FORMAT = dwarf;
				ENABLE_STRICT_OBJC_MSGSEND = YES;
				ENABLE_TESTABILITY = YES;
				ENABLE_USER_SCRIPT_SANDBOXING = YES;
				GCC_C_LANGUAGE_STANDARD = gnu17;
				GCC_DYNAMIC_NO_PIC = NO;
				GCC_NO_COMMON_BLOCKS = YES;
				GCC_OPTIMIZATION_LEVEL = 0;
				GCC_PREPROCESSOR_DEFINITIONS = (
					"DEBUG=1",
					"$(inherited)",
				);
				GCC_WARN_64_TO_32_BIT_CONVERSION = YES;
				GCC_WARN_ABOUT_RETURN_TYPE = YES_ERROR;
				GCC_WARN_UNDECLARED_SELECTOR = YES;
				GCC_WARN_UNINITIALIZED_AUTOS = YES_AGGRESSIVE;
				GCC_WARN_UNUSED_FUNCTION = YES;
				GCC_WARN_UNUSED_VARIABLE = YES;
				IPHONEOS_DEPLOYMENT_TARGET = 17.5;
				LOCALIZATION_PREFERS_STRING_CATALOGS = YES;
				MTL_ENABLE_DEBUG_INFO = INCLUDE_SOURCE;
				MTL_FAST_MATH = YES;
				ONLY_ACTIVE_ARCH = YES;
				SDKROOT = iphoneos;
				SWIFT_ACTIVE_COMPILATION_CONDITIONS = "DEBUG $(inherited)";
				SWIFT_OPTIMIZATION_LEVEL = "-Onone";
			};
			name = Debug;
		};
		0E7758652C3FE7DE008C1CC5 /* Release */ = {
			isa = XCBuildConfiguration;
			buildSettings = {
				ALWAYS_SEARCH_USER_PATHS = NO;
				ASSETCATALOG_COMPILER_GENERATE_SWIFT_ASSET_SYMBOL_EXTENSIONS = YES;
				CLANG_ANALYZER_NONNULL = YES;
				CLANG_ANALYZER_NUMBER_OBJECT_CONVERSION = YES_AGGRESSIVE;
				CLANG_CXX_LANGUAGE_STANDARD = "gnu++20";
				CLANG_ENABLE_MODULES = YES;
				CLANG_ENABLE_OBJC_ARC = YES;
				CLANG_ENABLE_OBJC_WEAK = YES;
				CLANG_WARN_BLOCK_CAPTURE_AUTORELEASING = YES;
				CLANG_WARN_BOOL_CONVERSION = YES;
				CLANG_WARN_COMMA = YES;
				CLANG_WARN_CONSTANT_CONVERSION = YES;
				CLANG_WARN_DEPRECATED_OBJC_IMPLEMENTATIONS = YES;
				CLANG_WARN_DIRECT_OBJC_ISA_USAGE = YES_ERROR;
				CLANG_WARN_DOCUMENTATION_COMMENTS = YES;
				CLANG_WARN_EMPTY_BODY = YES;
				CLANG_WARN_ENUM_CONVERSION = YES;
				CLANG_WARN_INFINITE_RECURSION = YES;
				CLANG_WARN_INT_CONVERSION = YES;
				CLANG_WARN_NON_LITERAL_NULL_CONVERSION = YES;
				CLANG_WARN_OBJC_IMPLICIT_RETAIN_SELF = YES;
				CLANG_WARN_OBJC_LITERAL_CONVERSION = YES;
				CLANG_WARN_OBJC_ROOT_CLASS = YES_ERROR;
				CLANG_WARN_QUOTED_INCLUDE_IN_FRAMEWORK_HEADER = YES;
				CLANG_WARN_RANGE_LOOP_ANALYSIS = YES;
				CLANG_WARN_STRICT_PROTOTYPES = YES;
				CLANG_WARN_SUSPICIOUS_MOVE = YES;
				CLANG_WARN_UNGUARDED_AVAILABILITY = YES_AGGRESSIVE;
				CLANG_WARN_UNREACHABLE_CODE = YES;
				CLANG_WARN__DUPLICATE_METHOD_MATCH = YES;
				COPY_PHASE_STRIP = NO;
				DEBUG_INFORMATION_FORMAT = "dwarf-with-dsym";
				ENABLE_NS_ASSERTIONS = NO;
				ENABLE_STRICT_OBJC_MSGSEND = YES;
				ENABLE_USER_SCRIPT_SANDBOXING = YES;
				GCC_C_LANGUAGE_STANDARD = gnu17;
				GCC_NO_COMMON_BLOCKS = YES;
				GCC_WARN_64_TO_32_BIT_CONVERSION = YES;
				GCC_WARN_ABOUT_RETURN_TYPE = YES_ERROR;
				GCC_WARN_UNDECLARED_SELECTOR = YES;
				GCC_WARN_UNINITIALIZED_AUTOS = YES_AGGRESSIVE;
				GCC_WARN_UNUSED_FUNCTION = YES;
				GCC_WARN_UNUSED_VARIABLE = YES;
				IPHONEOS_DEPLOYMENT_TARGET = 17.5;
				LOCALIZATION_PREFERS_STRING_CATALOGS = YES;
				MTL_ENABLE_DEBUG_INFO = NO;
				MTL_FAST_MATH = YES;
				SDKROOT = iphoneos;
				SWIFT_COMPILATION_MODE = wholemodule;
				VALIDATE_PRODUCT = YES;
			};
			name = Release;
		};
		0E7758672C3FE7DE008C1CC5 /* Debug */ = {
			isa = XCBuildConfiguration;
			buildSettings = {
				ASSETCATALOG_COMPILER_APPICON_NAME = AppIcon;
				ASSETCATALOG_COMPILER_GLOBAL_ACCENT_COLOR_NAME = AccentColor;
				CODE_SIGN_STYLE = Automatic;
				CURRENT_PROJECT_VERSION = 1;
				DEVELOPMENT_ASSET_PATHS = "\"NoteApp/Preview Content\"";
				DEVELOPMENT_TEAM = 4JD2N84N6P;
				ENABLE_PREVIEWS = YES;
				GENERATE_INFOPLIST_FILE = YES;
				INFOPLIST_KEY_UIApplicationSceneManifest_Generation = YES;
				INFOPLIST_KEY_UIApplicationSupportsIndirectInputEvents = YES;
				INFOPLIST_KEY_UILaunchScreen_Generation = YES;
				INFOPLIST_KEY_UISupportedInterfaceOrientations_iPad = "UIInterfaceOrientationPortrait UIInterfaceOrientationPortraitUpsideDown UIInterfaceOrientationLandscapeLeft UIInterfaceOrientationLandscapeRight";
				INFOPLIST_KEY_UISupportedInterfaceOrientations_iPhone = "UIInterfaceOrientationPortrait UIInterfaceOrientationLandscapeLeft UIInterfaceOrientationLandscapeRight";
				LD_RUNPATH_SEARCH_PATHS = (
					"$(inherited)",
					"@executable_path/Frameworks",
				);
				MARKETING_VERSION = 1.0;
				PRODUCT_BUNDLE_IDENTIFIER = robertheo.NoteApp;
				PRODUCT_NAME = "$(TARGET_NAME)";
				SWIFT_EMIT_LOC_STRINGS = YES;
				SWIFT_VERSION = 5.0;
				TARGETED_DEVICE_FAMILY = "1,2";
			};
			name = Debug;
		};
		0E7758682C3FE7DE008C1CC5 /* Release */ = {
			isa = XCBuildConfiguration;
			buildSettings = {
				ASSETCATALOG_COMPILER_APPICON_NAME = AppIcon;
				ASSETCATALOG_COMPILER_GLOBAL_ACCENT_COLOR_NAME = AccentColor;
				CODE_SIGN_STYLE = Automatic;
				CURRENT_PROJECT_VERSION = 1;
				DEVELOPMENT_ASSET_PATHS = "\"NoteApp/Preview Content\"";
				DEVELOPMENT_TEAM = 4JD2N84N6P;
				ENABLE_PREVIEWS = YES;
				GENERATE_INFOPLIST_FILE = YES;
				INFOPLIST_KEY_UIApplicationSceneManifest_Generation = YES;
				INFOPLIST_KEY_UIApplicationSupportsIndirectInputEvents = YES;
				INFOPLIST_KEY_UILaunchScreen_Generation = YES;
				INFOPLIST_KEY_UISupportedInterfaceOrientations_iPad = "UIInterfaceOrientationPortrait UIInterfaceOrientationPortraitUpsideDown UIInterfaceOrientationLandscapeLeft UIInterfaceOrientationLandscapeRight";
				INFOPLIST_KEY_UISupportedInterfaceOrientations_iPhone = "UIInterfaceOrientationPortrait UIInterfaceOrientationLandscapeLeft UIInterfaceOrientationLandscapeRight";
				LD_RUNPATH_SEARCH_PATHS = (
					"$(inherited)",
					"@executable_path/Frameworks",
				);
				MARKETING_VERSION = 1.0;
				PRODUCT_BUNDLE_IDENTIFIER = robertheo.NoteApp;
				PRODUCT_NAME = "$(TARGET_NAME)";
				SWIFT_EMIT_LOC_STRINGS = YES;
				SWIFT_VERSION = 5.0;
				TARGETED_DEVICE_FAMILY = "1,2";
			};
			name = Release;
		};
/* End XCBuildConfiguration section */

/* Begin XCConfigurationList section */
		0E7758532C3FE7DC008C1CC5 /* Build configuration list for PBXProject "NoteApp" */ = {
			isa = XCConfigurationList;
			buildConfigurations = (
				0E7758642C3FE7DE008C1CC5 /* Debug */,
				0E7758652C3FE7DE008C1CC5 /* Release */,
			);
			defaultConfigurationIsVisible = 0;
			defaultConfigurationName = Release;
		};
		0E7758662C3FE7DE008C1CC5 /* Build configuration list for PBXNativeTarget "NoteApp" */ = {
			isa = XCConfigurationList;
			buildConfigurations = (
				0E7758672C3FE7DE008C1CC5 /* Debug */,
				0E7758682C3FE7DE008C1CC5 /* Release */,
			);
			defaultConfigurationIsVisible = 0;
			defaultConfigurationName = Release;
		};
/* End XCConfigurationList section */
	};
	rootObject = 0E7758502C3FE7DC008C1CC5 /* Project object */;
}
